
Microsoft Visual Studio Solution File, Format Version 12.00
# Visual Studio 15
VisualStudioVersion = 15.0.28010.2003
MinimumVisualStudioVersion = 10.0.40219.1
Project("{FAE04EC0-301F-11D3-BF4B-00C04F79EFBC}") = "ChainTrustTest", "ChainTrustTest\ChainTrustTest.csproj", "{3E4C8AD1-C911-42BC-A63B-25BBE0E5CCB7}"
EndProject
Project("{FAE04EC0-301F-11D3-BF4B-00C04F79EFBC}") = "CertificateManager", "CertificateManager\CertificateManager.csproj", "{46ED7FF0-7E39-49B2-8F6C-F710A9A29754}"
EndProject
Project("{FAE04EC0-301F-11D3-BF4B-00C04F79EFBC}") = "Contract", "Contract\Contract.csproj", "{2A396AEF-248A-4828-B24F-3F6D94B6CA3D}"
EndProject
Project("{FAE04EC0-301F-11D3-BF4B-00C04F79EFBC}") = "Client", "Client\Client.csproj", "{FCEAB1FD-D9C4-4E2D-B7E2-05893C6DAA5C}"
EndProject
Global
	GlobalSection(SolutionConfigurationPlatforms) = preSolution
		Debug|Any CPU = Debug|Any CPU
		Release|Any CPU = Release|Any CPU
	EndGlobalSection
	GlobalSection(ProjectConfigurationPlatforms) = postSolution
		{3E4C8AD1-C911-42BC-A63B-25BBE0E5CCB7}.Debug|Any CPU.ActiveCfg = Debug|Any CPU
		{3E4C8AD1-C911-42BC-A63B-25BBE0E5CCB7}.Debug|Any CPU.Build.0 = Debug|Any CPU
		{3E4C8AD1-C911-42BC-A63B-25BBE0E5CCB7}.Release|Any CPU.ActiveCfg = Release|Any CPU
		{3E4C8AD1-C911-42BC-A63B-25BBE0E5CCB7}.Release|Any CPU.Build.0 = Release|Any CPU
		{46ED7FF0-7E39-49B2-8F6C-F710A9A29754}.Debug|Any CPU.ActiveCfg = Debug|Any CPU
		{46ED7FF0-7E39-49B2-8F6C-F710A9A29754}.Debug|Any CPU.Build.0 = Debug|Any CPU
		{46ED7FF0-7E39-49B2-8F6C-F710A9A29754}.Release|Any CPU.ActiveCfg = Release|Any CPU
		{46ED7FF0-7E39-49B2-8F6C-F710A9A29754}.Release|Any CPU.Build.0 = Release|Any CPU
		{2A396AEF-248A-4828-B24F-3F6D94B6CA3D}.Debug|Any CPU.ActiveCfg = Debug|Any CPU
		{2A396AEF-248A-4828-B24F-3F6D94B6CA3D}.Debug|Any CPU.Build.0 = Debug|Any CPU
		{2A396AEF-248A-4828-B24F-3F6D94B6CA3D}.Release|Any CPU.ActiveCfg = Release|Any CPU
		{2A396AEF-248A-4828-B24F-3F6D94B6CA3D}.Release|Any CPU.Build.0 = Release|Any CPU
		{FCEAB1FD-D9C4-4E2D-B7E2-05893C6DAA5C}.Debug|Any CPU.ActiveCfg = Debug|Any CPU
		{FCEAB1FD-D9C4-4E2D-B7E2-05893C6DAA5C}.Debug|Any CPU.Build.0 = Debug|Any CPU
		{FCEAB1FD-D9C4-4E2D-B7E2-05893C6DAA5C}.Release|Any CPU.ActiveCfg = Release|Any CPU
		{FCEAB1FD-D9C4-4E2D-B7E2-05893C6DAA5C}.Release|Any CPU.Build.0 = Release|Any CPU
	EndGlobalSection
	GlobalSection(SolutionProperties) = preSolution
		HideSolutionNode = FALSE
	EndGlobalSection
	GlobalSection(ExtensibilityGlobals) = postSolution
		SolutionGuid = {9F8A7651-6D4C-48E1-A04C-A623775A3290}
	EndGlobalSection
EndGlobal
